
Microsoft Visual Studio Solution File, Format Version 12.00
# Visual Studio Version 16
VisualStudioVersion = 16.0.29123.88
MinimumVisualStudioVersion = 10.0.40219.1
Project("{FAE04EC0-301F-11D3-BF4B-00C04F79EFBC}") = "Cw1", "Cw1.csproj", "{69747C6C-7F42-46BD-858B-091B0A9D8DC8}"
EndProject
Global
	GlobalSection(SolutionConfigurationPlatforms) = preSolution
		Debug|Any CPU = Debug|Any CPU
		Release|Any CPU = Release|Any CPU
	EndGlobalSection
	GlobalSection(ProjectConfigurationPlatforms) = postSolution
		{69747C6C-7F42-46BD-858B-091B0A9D8DC8}.Debug|Any CPU.ActiveCfg = Debug|Any CPU
		{69747C6C-7F42-46BD-858B-091B0A9D8DC8}.Debug|Any CPU.Build.0 = Debug|Any CPU
		{69747C6C-7F42-46BD-858B-091B0A9D8DC8}.Release|Any CPU.ActiveCfg = Release|Any CPU
		{69747C6C-7F42-46BD-858B-091B0A9D8DC8}.Release|Any CPU.Build.0 = Release|Any CPU
	EndGlobalSection
	GlobalSection(SolutionProperties) = preSolution
		HideSolutionNode = FALSE
	EndGlobalSection
	GlobalSection(ExtensibilityGlobals) = postSolution
		SolutionGuid = {19036C61-C77F-48AC-AA06-C24ACF305637}
	EndGlobalSection
EndGlobal
